
Microsoft Visual Studio Solution File, Format Version 12.00
# Visual Studio Version 16
VisualStudioVersion = 16.0.32630.194
MinimumVisualStudioVersion = 10.0.40219.1
Project("{FAE04EC0-301F-11D3-BF4B-00C04F79EFBC}") = "Pharmacy_Management", "Pharmacy_Management\Pharmacy_Management.csproj", "{48FD2D07-397F-45B3-92FF-FAB23D7D2489}"
EndProject
Global
	GlobalSection(SolutionConfigurationPlatforms) = preSolution
		Debug|Any CPU = Debug|Any CPU
		Release|Any CPU = Release|Any CPU
	EndGlobalSection
	GlobalSection(ProjectConfigurationPlatforms) = postSolution
		{48FD2D07-397F-45B3-92FF-FAB23D7D2489}.Debug|Any CPU.ActiveCfg = Debug|Any CPU
		{48FD2D07-397F-45B3-92FF-FAB23D7D2489}.Debug|Any CPU.Build.0 = Debug|Any CPU
		{48FD2D07-397F-45B3-92FF-FAB23D7D2489}.Release|Any CPU.ActiveCfg = Release|Any CPU
		{48FD2D07-397F-45B3-92FF-FAB23D7D2489}.Release|Any CPU.Build.0 = Release|Any CPU
	EndGlobalSection
	GlobalSection(SolutionProperties) = preSolution
		HideSolutionNode = FALSE
	EndGlobalSection
	GlobalSection(ExtensibilityGlobals) = postSolution
		SolutionGuid = {D0189864-2C2A-4E29-AA11-8BA9C89A2846}
	EndGlobalSection
EndGlobal
